
Microsoft Visual Studio Solution File, Format Version 12.00
# Visual Studio 14
VisualStudioVersion = 14.0.25420.1
MinimumVisualStudioVersion = 10.0.40219.1
Project("{FAE04EC0-301F-11D3-BF4B-00C04F79EFBC}") = "TicketsWeb", "TicketsWeb\TicketsWeb.csproj", "{5FE04316-44A5-4481-9FB6-A7D80C093CAC}"
EndProject
Project("{FAE04EC0-301F-11D3-BF4B-00C04F79EFBC}") = "TicketsWebAPI", "TicketsWebAPI\TicketsWebAPI.csproj", "{401E3992-46FE-4A7E-B816-3A1F380FD705}"
EndProject
Project("{FAE04EC0-301F-11D3-BF4B-00C04F79EFBC}") = "Devops_Ticket Prediction", "Devops_Ticket Prediction\Devops_Ticket Prediction.csproj", "{4E9726DA-A1ED-405F-BBE2-3F8AA53C3255}"
EndProject
Global
	GlobalSection(SolutionConfigurationPlatforms) = preSolution
		Debug|Any CPU = Debug|Any CPU
		Release|Any CPU = Release|Any CPU
	EndGlobalSection
	GlobalSection(ProjectConfigurationPlatforms) = postSolution
		{5FE04316-44A5-4481-9FB6-A7D80C093CAC}.Debug|Any CPU.ActiveCfg = Debug|Any CPU
		{5FE04316-44A5-4481-9FB6-A7D80C093CAC}.Debug|Any CPU.Build.0 = Debug|Any CPU
		{5FE04316-44A5-4481-9FB6-A7D80C093CAC}.Release|Any CPU.ActiveCfg = Release|Any CPU
		{5FE04316-44A5-4481-9FB6-A7D80C093CAC}.Release|Any CPU.Build.0 = Release|Any CPU
		{401E3992-46FE-4A7E-B816-3A1F380FD705}.Debug|Any CPU.ActiveCfg = Debug|Any CPU
		{401E3992-46FE-4A7E-B816-3A1F380FD705}.Debug|Any CPU.Build.0 = Debug|Any CPU
		{401E3992-46FE-4A7E-B816-3A1F380FD705}.Release|Any CPU.ActiveCfg = Release|Any CPU
		{401E3992-46FE-4A7E-B816-3A1F380FD705}.Release|Any CPU.Build.0 = Release|Any CPU
		{4E9726DA-A1ED-405F-BBE2-3F8AA53C3255}.Debug|Any CPU.ActiveCfg = Debug|Any CPU
		{4E9726DA-A1ED-405F-BBE2-3F8AA53C3255}.Debug|Any CPU.Build.0 = Debug|Any CPU
		{4E9726DA-A1ED-405F-BBE2-3F8AA53C3255}.Release|Any CPU.ActiveCfg = Release|Any CPU
		{4E9726DA-A1ED-405F-BBE2-3F8AA53C3255}.Release|Any CPU.Build.0 = Release|Any CPU
	EndGlobalSection
	GlobalSection(SolutionProperties) = preSolution
		HideSolutionNode = FALSE
	EndGlobalSection
EndGlobal
